// !$*UTF8*$!
{
	archiveVersion = 1;
	classes = {
	};
	objectVersion = 46;
	objects = {

/* Begin PBXBuildFile section */
		8538AB7E1A1F40260019A52C /* main.m in Sources */ = {isa = PBXBuildFile; fileRef = 8538AB7D1A1F40260019A52C /* main.m */; };
		8538AB811A1F40260019A52C /* AppDelegate.m in Sources */ = {isa = PBXBuildFile; fileRef = 8538AB801A1F40260019A52C /* AppDelegate.m */; };
		8538AB841A1F40260019A52C /* PTA.xcdatamodeld in Sources */ = {isa = PBXBuildFile; fileRef = 8538AB821A1F40260019A52C /* PTA.xcdatamodeld */; };
		8538AB871A1F40260019A52C /* ViewController.m in Sources */ = {isa = PBXBuildFile; fileRef = 8538AB861A1F40260019A52C /* ViewController.m */; };
		8538AB8A1A1F40260019A52C /* Main.storyboard in Resources */ = {isa = PBXBuildFile; fileRef = 8538AB881A1F40260019A52C /* Main.storyboard */; };
		8538AB8C1A1F40260019A52C /* Images.xcassets in Resources */ = {isa = PBXBuildFile; fileRef = 8538AB8B1A1F40260019A52C /* Images.xcassets */; };
		8538AB8F1A1F40260019A52C /* LaunchScreen.xib in Resources */ = {isa = PBXBuildFile; fileRef = 8538AB8D1A1F40260019A52C /* LaunchScreen.xib */; };
		8538AB9B1A1F40260019A52C /* PTATests.m in Sources */ = {isa = PBXBuildFile; fileRef = 8538AB9A1A1F40260019A52C /* PTATests.m */; };
/* End PBXBuildFile section */

/* Begin PBXContainerItemProxy section */
		8538AB951A1F40260019A52C /* PBXContainerItemProxy */ = {
			isa = PBXContainerItemProxy;
			containerPortal = 8538AB701A1F40250019A52C /* Project object */;
			proxyType = 1;
			remoteGlobalIDString = 8538AB771A1F40260019A52C;
			remoteInfo = PTA;
		};
/* End PBXContainerItemProxy section */

/* Begin PBXFileReference section */
		8538AB781A1F40260019A52C /* PTA.app */ = {isa = PBXFileReference; explicitFileType = wrapper.application; includeInIndex = 0; path = PTA.app; sourceTree = BUILT_PRODUCTS_DIR; };
		8538AB7C1A1F40260019A52C /* Info.plist */ = {isa = PBXFileReference; lastKnownFileType = text.plist.xml; path = Info.plist; sourceTree = "<group>"; };
		8538AB7D1A1F40260019A52C /* main.m */ = {isa = PBXFileReference; lastKnownFileType = sourcecode.c.objc; path = main.m; sourceTree = "<group>"; };
		8538AB7F1A1F40260019A52C /* AppDelegate.h */ = {isa = PBXFileReference; lastKnownFileType = sourcecode.c.h; path = AppDelegate.h; sourceTree = "<group>"; };
		8538AB801A1F40260019A52C /* AppDelegate.m */ = {isa = PBXFileReference; lastKnownFileType = sourcecode.c.objc; path = AppDelegate.m; sourceTree = "<group>"; };
		8538AB831A1F40260019A52C /* PTA.xcdatamodel */ = {isa = PBXFileReference; lastKnownFileType = wrapper.xcdatamodel; path = PTA.xcdatamodel; sourceTree = "<group>"; };
		8538AB851A1F40260019A52C /* ViewController.h */ = {isa = PBXFileReference; lastKnownFileType = sourcecode.c.h; path = ViewController.h; sourceTree = "<group>"; };
		8538AB861A1F40260019A52C /* ViewController.m */ = {isa = PBXFileReference; lastKnownFileType = sourcecode.c.objc; path = ViewController.m; sourceTree = "<group>"; };
		8538AB891A1F40260019A52C /* Base */ = {isa = PBXFileReference; lastKnownFileType = file.storyboard; name = Base; path = Base.lproj/Main.storyboard; sourceTree = "<group>"; };
		8538AB8B1A1F40260019A52C /* Images.xcassets */ = {isa = PBXFileReference; lastKnownFileType = folder.assetcatalog; path = Images.xcassets; sourceTree = "<group>"; };
		8538AB8E1A1F40260019A52C /* Base */ = {isa = PBXFileReference; lastKnownFileType = file.xib; name = Base; path = Base.lproj/LaunchScreen.xib; sourceTree = "<group>"; };
		8538AB941A1F40260019A52C /* PTATests.xctest */ = {isa = PBXFileReference; explicitFileType = wrapper.cfbundle; includeInIndex = 0; path = PTATests.xctest; sourceTree = BUILT_PRODUCTS_DIR; };
		8538AB991A1F40260019A52C /* Info.plist */ = {isa = PBXFileReference; lastKnownFileType = text.plist.xml; path = Info.plist; sourceTree = "<group>"; };
		8538AB9A1A1F40260019A52C /* PTATests.m */ = {isa = PBXFileReference; lastKnownFileType = sourcecode.c.objc; path = PTATests.m; sourceTree = "<group>"; };
/* End PBXFileReference section */

/* Begin PBXFrameworksBuildPhase section */
		8538AB751A1F40260019A52C /* Frameworks */ = {
			isa = PBXFrameworksBuildPhase;
			buildActionMask = 2147483647;
			files = (
			);
			runOnlyForDeploymentPostprocessing = 0;
		};
		8538AB911A1F40260019A52C /* Frameworks */ = {
			isa = PBXFrameworksBuildPhase;
			buildActionMask = 2147483647;
			files = (
			);
			runOnlyForDeploymentPostprocessing = 0;
		};
/* End PBXFrameworksBuildPhase section */

/* Begin PBXGroup section */
		8538AB6F1A1F40250019A52C = {
			isa = PBXGroup;
			children = (
				8538AB7A1A1F40260019A52C /* PTA */,
				8538AB971A1F40260019A52C /* PTATests */,
				8538AB791A1F40260019A52C /* Products */,
			);
			sourceTree = "<group>";
		};
		8538AB791A1F40260019A52C /* Products */ = {
			isa = PBXGroup;
			children = (
				8538AB781A1F40260019A52C /* PTA.app */,
				8538AB941A1F40260019A52C /* PTATests.xctest */,
			);
			name = Products;
			sourceTree = "<group>";
		};
		8538AB7A1A1F40260019A52C /* PTA */ = {
			isa = PBXGroup;
			children = (
				8538AB7F1A1F40260019A52C /* AppDelegate.h */,
				8538AB801A1F40260019A52C /* AppDelegate.m */,
				8538AB851A1F40260019A52C /* ViewController.h */,
				8538AB861A1F40260019A52C /* ViewController.m */,
				8538AB881A1F40260019A52C /* Main.storyboard */,
				8538AB8B1A1F40260019A52C /* Images.xcassets */,
				8538AB8D1A1F40260019A52C /* LaunchScreen.xib */,
				8538AB821A1F40260019A52C /* PTA.xcdatamodeld */,
				8538AB7B1A1F40260019A52C /* Supporting Files */,
			);
			path = PTA;
			sourceTree = "<group>";
		};
		8538AB7B1A1F40260019A52C /* Supporting Files */ = {
			isa = PBXGroup;
			children = (
				8538AB7C1A1F40260019A52C /* Info.plist */,
				8538AB7D1A1F40260019A52C /* main.m */,
			);
			name = "Supporting Files";
			sourceTree = "<group>";
		};
		8538AB971A1F40260019A52C /* PTATests */ = {
			isa = PBXGroup;
			children = (
				8538AB9A1A1F40260019A52C /* PTATests.m */,
				8538AB981A1F40260019A52C /* Supporting Files */,
			);
			path = PTATests;
			sourceTree = "<group>";
		};
		8538AB981A1F40260019A52C /* Supporting Files */ = {
			isa = PBXGroup;
			children = (
				8538AB991A1F40260019A52C /* Info.plist */,
			);
			name = "Supporting Files";
			sourceTree = "<group>";
		};
/* End PBXGroup section */

/* Begin PBXNativeTarget section */
		8538AB771A1F40260019A52C /* PTA */ = {
			isa = PBXNativeTarget;
			buildConfigurationList = 8538AB9E1A1F40260019A52C /* Build configuration list for PBXNativeTarget "PTA" */;
			buildPhases = (
				8538AB741A1F40260019A52C /* Sources */,
				8538AB751A1F40260019A52C /* Frameworks */,
				8538AB761A1F40260019A52C /* Resources */,
			);
			buildRules = (
			);
			dependencies = (
			);
			name = PTA;
			productName = PTA;
			productReference = 8538AB781A1F40260019A52C /* PTA.app */;
			productType = "com.apple.product-type.application";
		};
		8538AB931A1F40260019A52C /* PTATests */ = {
			isa = PBXNativeTarget;
			buildConfigurationList = 8538ABA11A1F40260019A52C /* Build configuration list for PBXNativeTarget "PTATests" */;
			buildPhases = (
				8538AB901A1F40260019A52C /* Sources */,
				8538AB911A1F40260019A52C /* Frameworks */,
				8538AB921A1F40260019A52C /* Resources */,
			);
			buildRules = (
			);
			dependencies = (
				8538AB961A1F40260019A52C /* PBXTargetDependency */,
			);
			name = PTATests;
			productName = PTATests;
			productReference = 8538AB941A1F40260019A52C /* PTATests.xctest */;
			productType = "com.apple.product-type.bundle.unit-test";
		};
/* End PBXNativeTarget section */

/* Begin PBXProject section */
		8538AB701A1F40250019A52C /* Project object */ = {
			isa = PBXProject;
			attributes = {
				LastUpgradeCheck = 0610;
				ORGANIZATIONNAME = "Perfume Community";
				TargetAttributes = {
					8538AB771A1F40260019A52C = {
						CreatedOnToolsVersion = 6.1;
					};
					8538AB931A1F40260019A52C = {
						CreatedOnToolsVersion = 6.1;
						TestTargetID = 8538AB771A1F40260019A52C;
					};
				};
			};
			buildConfigurationList = 8538AB731A1F40260019A52C /* Build configuration list for PBXProject "PTA" */;
			compatibilityVersion = "Xcode 3.2";
			developmentRegion = English;
			hasScannedForEncodings = 0;
			knownRegions = (
				en,
				Base,
			);
			mainGroup = 8538AB6F1A1F40250019A52C;
			productRefGroup = 8538AB791A1F40260019A52C /* Products */;
			projectDirPath = "";
			projectRoot = "";
			targets = (
				8538AB771A1F40260019A52C /* PTA */,
				8538AB931A1F40260019A52C /* PTATests */,
			);
		};
/* End PBXProject section */

/* Begin PBXResourcesBuildPhase section */
		8538AB761A1F40260019A52C /* Resources */ = {
			isa = PBXResourcesBuildPhase;
			buildActionMask = 2147483647;
			files = (
				8538AB8A1A1F40260019A52C /* Main.storyboard in Resources */,
				8538AB8F1A1F40260019A52C /* LaunchScreen.xib in Resources */,
				8538AB8C1A1F40260019A52C /* Images.xcassets in Resources */,
			);
			runOnlyForDeploymentPostprocessing = 0;
		};
		8538AB921A1F40260019A52C /* Resources */ = {
			isa = PBXResourcesBuildPhase;
			buildActionMask = 2147483647;
			files = (
			);
			runOnlyForDeploymentPostprocessing = 0;
		};
/* End PBXResourcesBuildPhase section */

/* Begin PBXSourcesBuildPhase section */
		8538AB741A1F40260019A52C /* Sources */ = {
			isa = PBXSourcesBuildPhase;
			buildActionMask = 2147483647;
			files = (
				8538AB841A1F40260019A52C /* PTA.xcdatamodeld in Sources */,
				8538AB811A1F40260019A52C /* AppDelegate.m in Sources */,
				8538AB871A1F40260019A52C /* ViewController.m in Sources */,
				8538AB7E1A1F40260019A52C /* main.m in Sources */,
			);
			runOnlyForDeploymentPostprocessing = 0;
		};
		8538AB901A1F40260019A52C /* Sources */ = {
			isa = PBXSourcesBuildPhase;
			buildActionMask = 2147483647;
			files = (
				8538AB9B1A1F40260019A52C /* PTATests.m in Sources */,
			);
			runOnlyForDeploymentPostprocessing = 0;
		};
/* End PBXSourcesBuildPhase section */

/* Begin PBXTargetDependency section */
		8538AB961A1F40260019A52C /* PBXTargetDependency */ = {
			isa = PBXTargetDependency;
			target = 8538AB771A1F40260019A52C /* PTA */;
			targetProxy = 8538AB951A1F40260019A52C /* PBXContainerItemProxy */;
		};
/* End PBXTargetDependency section */

/* Begin PBXVariantGroup section */
		8538AB881A1F40260019A52C /* Main.storyboard */ = {
			isa = PBXVariantGroup;
			children = (
				8538AB891A1F40260019A52C /* Base */,
			);
			name = Main.storyboard;
			sourceTree = "<group>";
		};
		8538AB8D1A1F40260019A52C /* LaunchScreen.xib */ = {
			isa = PBXVariantGroup;
			children = (
				8538AB8E1A1F40260019A52C /* Base */,
			);
			name = LaunchScreen.xib;
			sourceTree = "<group>";
		};
/* End PBXVariantGroup section */

/* Begin XCBuildConfiguration section */
		8538AB9C1A1F40260019A52C /* Debug */ = {
			isa = XCBuildConfiguration;
			buildSettings = {
				ALWAYS_SEARCH_USER_PATHS = NO;
				CLANG_CXX_LANGUAGE_STANDARD = "gnu++0x";
				CLANG_CXX_LIBRARY = "libc++";
				CLANG_ENABLE_MODULES = YES;
				CLANG_ENABLE_OBJC_ARC = YES;
				CLANG_WARN_BOOL_CONVERSION = YES;
				CLANG_WARN_CONSTANT_CONVERSION = YES;
				CLANG_WARN_DIRECT_OBJC_ISA_USAGE = YES_ERROR;
				CLANG_WARN_EMPTY_BODY = YES;
				CLANG_WARN_ENUM_CONVERSION = YES;
				CLANG_WARN_INT_CONVERSION = YES;
				CLANG_WARN_OBJC_ROOT_CLASS = YES_ERROR;
				CLANG_WARN_UNREACHABLE_CODE = YES;
				CLANG_WARN__DUPLICATE_METHOD_MATCH = YES;
				"CODE_SIGN_IDENTITY[sdk=iphoneos*]" = "iPhone Developer";
				COPY_PHASE_STRIP = NO;
				ENABLE_STRICT_OBJC_MSGSEND = YES;
				GCC_C_LANGUAGE_STANDARD = gnu99;
				GCC_DYNAMIC_NO_PIC = NO;
				GCC_OPTIMIZATION_LEVEL = 0;
				GCC_PREPROCESSOR_DEFINITIONS = (
					"DEBUG=1",
					"$(inherited)",
				);
				GCC_SYMBOLS_PRIVATE_EXTERN = NO;
				GCC_WARN_64_TO_32_BIT_CONVERSION = YES;
				GCC_WARN_ABOUT_RETURN_TYPE = YES_ERROR;
				GCC_WARN_UNDECLARED_SELECTOR = YES;
				GCC_WARN_UNINITIALIZED_AUTOS = YES_AGGRESSIVE;
				GCC_WARN_UNUSED_FUNCTION = YES;
				GCC_WARN_UNUSED_VARIABLE = YES;
				IPHONEOS_DEPLOYMENT_TARGET = 8.1;
				MTL_ENABLE_DEBUG_INFO = YES;
				ONLY_ACTIVE_ARCH = YES;
				SDKROOT = iphoneos;
				TARGETED_DEVICE_FAMILY = "1,2";
			};
			name = Debug;
		};
		8538AB9D1A1F40260019A52C /* Release */ = {
			isa = XCBuildConfiguration;
			buildSettings = {
				ALWAYS_SEARCH_USER_PATHS = NO;
				CLANG_CXX_LANGUAGE_STANDARD = "gnu++0x";
				CLANG_CXX_LIBRARY = "libc++";
				CLANG_ENABLE_MODULES = YES;
				CLANG_ENABLE_OBJC_ARC = YES;
				CLANG_WARN_BOOL_CONVERSION = YES;
				CLANG_WARN_CONSTANT_CONVERSION = YES;
				CLANG_WARN_DIRECT_OBJC_ISA_USAGE = YES_ERROR;
				CLANG_WARN_EMPTY_BODY = YES;
				CLANG_WARN_ENUM_CONVERSION = YES;
				CLANG_WARN_INT_CONVERSION = YES;
				CLANG_WARN_OBJC_ROOT_CLASS = YES_ERROR;
				CLANG_WARN_UNREACHABLE_CODE = YES;
				CLANG_WARN__DUPLICATE_METHOD_MATCH = YES;
				"CODE_SIGN_IDENTITY[sdk=iphoneos*]" = "iPhone Developer";
				COPY_PHASE_STRIP = YES;
				ENABLE_NS_ASSERTIONS = NO;
				ENABLE_STRICT_OBJC_MSGSEND = YES;
				GCC_C_LANGUAGE_STANDARD = gnu99;
				GCC_WARN_64_TO_32_BIT_CONVERSION = YES;
				GCC_WARN_ABOUT_RETURN_TYPE = YES_ERROR;
				GCC_WARN_UNDECLARED_SELECTOR = YES;
				GCC_WARN_UNINITIALIZED_AUTOS = YES_AGGRESSIVE;
				GCC_WARN_UNUSED_FUNCTION = YES;
				GCC_WARN_UNUSED_VARIABLE = YES;
				IPHONEOS_DEPLOYMENT_TARGET = 8.1;
				MTL_ENABLE_DEBUG_INFO = NO;
				SDKROOT = iphoneos;
				TARGETED_DEVICE_FAMILY = "1,2";
				VALIDATE_PRODUCT = YES;
			};
			name = Release;
		};
		8538AB9F1A1F40260019A52C /* Debug */ = {
			isa = XCBuildConfiguration;
			buildSettings = {
				ASSETCATALOG_COMPILER_APPICON_NAME = AppIcon;
				INFOPLIST_FILE = PTA/Info.plist;
				LD_RUNPATH_SEARCH_PATHS = "$(inherited) @executable_path/Frameworks";
				PRODUCT_NAME = "$(TARGET_NAME)";
			};
			name = Debug;
		};
		8538ABA01A1F40260019A52C /* Release */ = {
			isa = XCBuildConfiguration;
			buildSettings = {
				ASSETCATALOG_COMPILER_APPICON_NAME = AppIcon;
				INFOPLIST_FILE = PTA/Info.plist;
				LD_RUNPATH_SEARCH_PATHS = "$(inherited) @executable_path/Frameworks";
				PRODUCT_NAME = "$(TARGET_NAME)";
			};
			name = Release;
		};
		8538ABA21A1F40260019A52C /* Debug */ = {
			isa = XCBuildConfiguration;
			buildSettings = {
				BUNDLE_LOADER = "$(TEST_HOST)";
				FRAMEWORK_SEARCH_PATHS = (
					"$(SDKROOT)/Developer/Library/Frameworks",
					"$(inherited)",
				);
				GCC_PREPROCESSOR_DEFINITIONS = (
					"DEBUG=1",
					"$(inherited)",
				);
				INFOPLIST_FILE = PTATests/Info.plist;
				LD_RUNPATH_SEARCH_PATHS = "$(inherited) @executable_path/Frameworks @loader_path/Frameworks";
				PRODUCT_NAME = "$(TARGET_NAME)";
				TEST_HOST = "$(BUILT_PRODUCTS_DIR)/PTA.app/PTA";
			};
			name = Debug;
		};
		8538ABA31A1F40260019A52C /* Release */ = {
			isa = XCBuildConfiguration;
			buildSettings = {
				BUNDLE_LOADER = "$(TEST_HOST)";
				FRAMEWORK_SEARCH_PATHS = (
					"$(SDKROOT)/Developer/Library/Frameworks",
					"$(inherited)",
				);
				INFOPLIST_FILE = PTATests/Info.plist;
				LD_RUNPATH_SEARCH_PATHS = "$(inherited) @executable_path/Frameworks @loader_path/Frameworks";
				PRODUCT_NAME = "$(TARGET_NAME)";
				TEST_HOST = "$(BUILT_PRODUCTS_DIR)/PTA.app/PTA";
			};
			name = Release;
		};
/* End XCBuildConfiguration section */

/* Begin XCConfigurationList section */
		8538AB731A1F40260019A52C /* Build configuration list for PBXProject "PTA" */ = {
			isa = XCConfigurationList;
			buildConfigurations = (
				8538AB9C1A1F40260019A52C /* Debug */,
				8538AB9D1A1F40260019A52C /* Release */,
			);
			defaultConfigurationIsVisible = 0;
			defaultConfigurationName = Release;
		};
		8538AB9E1A1F40260019A52C /* Build configuration list for PBXNativeTarget "PTA" */ = {
			isa = XCConfigurationList;
			buildConfigurations = (
				8538AB9F1A1F40260019A52C /* Debug */,
				8538ABA01A1F40260019A52C /* Release */,
			);
			defaultConfigurationIsVisible = 0;
		};
		8538ABA11A1F40260019A52C /* Build configuration list for PBXNativeTarget "PTATests" */ = {
			isa = XCConfigurationList;
			buildConfigurations = (
				8538ABA21A1F40260019A52C /* Debug */,
				8538ABA31A1F40260019A52C /* Release */,
			);
			defaultConfigurationIsVisible = 0;
		};
/* End XCConfigurationList section */

/* Begin XCVersionGroup section */
		8538AB821A1F40260019A52C /* PTA.xcdatamodeld */ = {
			isa = XCVersionGroup;
			children = (
				8538AB831A1F40260019A52C /* PTA.xcdatamodel */,
			);
			currentVersion = 8538AB831A1F40260019A52C /* PTA.xcdatamodel */;
			path = PTA.xcdatamodeld;
			sourceTree = "<group>";
			versionGroupType = wrapper.xcdatamodel;
		};
/* End XCVersionGroup section */
	};
	rootObject = 8538AB701A1F40250019A52C /* Project object */;
}
